// !$*UTF8*$!
{
	archiveVersion = 1;
	classes = {
	};
	objectVersion = 46;
	objects = {

/* Begin PBXBuildFile section */
		1D3623260D0F684500981E51 /* ReaderAppDelegate.m in Sources */ = {isa = PBXBuildFile; fileRef = 1D3623250D0F684500981E51 /* ReaderAppDelegate.m */; };
		1D60589B0D05DD56006BFB54 /* main.m in Sources */ = {isa = PBXBuildFile; fileRef = 29B97316FDCFA39411CA2CEA /* main.m */; };
		1D60589F0D05DD5A006BFB54 /* Foundation.framework in Frameworks */ = {isa = PBXBuildFile; fileRef = 1D30AB110D05D00D00671497 /* Foundation.framework */; };
		1DF5F4E00D08C38300B7A737 /* UIKit.framework in Frameworks */ = {isa = PBXBuildFile; fileRef = 1DF5F4DF0D08C38300B7A737 /* UIKit.framework */; };
		2804200B108E984D000629CD /* FeedViewController.m in Sources */ = {isa = PBXBuildFile; fileRef = 28042008108E984D000629CD /* FeedViewController.m */; };
		2804200C108E984D000629CD /* PaperViewController.m in Sources */ = {isa = PBXBuildFile; fileRef = 2804200A108E984D000629CD /* PaperViewController.m */; };
		2804203C108E9BAB000629CD /* DetailView.xib in Resources */ = {isa = PBXBuildFile; fileRef = 2804203B108E9BAB000629CD /* DetailView.xib */; };
		2892E4100DC94CBA00A64D0F /* CoreGraphics.framework in Frameworks */ = {isa = PBXBuildFile; fileRef = 2892E40F0DC94CBA00A64D0F /* CoreGraphics.framework */; };
		28AD73600D9D9599002E5188 /* MainWindow.xib in Resources */ = {isa = PBXBuildFile; fileRef = 28AD735F0D9D9599002E5188 /* MainWindow.xib */; };
		D337E1F4119B4CDF003E5728 /* LeavesCache.m in Sources */ = {isa = PBXBuildFile; fileRef = D337E1F3119B4CDF003E5728 /* LeavesCache.m */; };
		D33D3BC5119A0FAA0083A058 /* SubjectsViewController.m in Sources */ = {isa = PBXBuildFile; fileRef = D33D3BC4119A0FAA0083A058 /* SubjectsViewController.m */; };
		D33D3C30119A1F960083A058 /* UIColor+Extras.m in Sources */ = {isa = PBXBuildFile; fileRef = D33D3C2F119A1F960083A058 /* UIColor+Extras.m */; };
		D33D5254117FB3A200BA7203 /* Feed.m in Sources */ = {isa = PBXBuildFile; fileRef = D33D5253117FB3A200BA7203 /* Feed.m */; };
		D33D527A117FB57600BA7203 /* ASIAuthenticationDialog.m in Sources */ = {isa = PBXBuildFile; fileRef = D33D526C117FB57600BA7203 /* ASIAuthenticationDialog.m */; };
		D33D527B117FB57600BA7203 /* ASIFormDataRequest.m in Sources */ = {isa = PBXBuildFile; fileRef = D33D526E117FB57600BA7203 /* ASIFormDataRequest.m */; };
		D33D527C117FB57600BA7203 /* ASIHTTPRequest.m in Sources */ = {isa = PBXBuildFile; fileRef = D33D5270117FB57600BA7203 /* ASIHTTPRequest.m */; };
		D33D527D117FB57600BA7203 /* ASIInputStream.m in Sources */ = {isa = PBXBuildFile; fileRef = D33D5274117FB57600BA7203 /* ASIInputStream.m */; };
		D33D527E117FB57600BA7203 /* ASINetworkQueue.m in Sources */ = {isa = PBXBuildFile; fileRef = D33D5276117FB57600BA7203 /* ASINetworkQueue.m */; };
		D33D527F117FB57600BA7203 /* ASINSStringAdditions.m in Sources */ = {isa = PBXBuildFile; fileRef = D33D5278117FB57600BA7203 /* ASINSStringAdditions.m */; };
		D33D528A117FB5B900BA7203 /* Reachability.m in Sources */ = {isa = PBXBuildFile; fileRef = D33D5289117FB5B900BA7203 /* Reachability.m */; };
		D33D529E117FB65B00BA7203 /* CFNetwork.framework in Frameworks */ = {isa = PBXBuildFile; fileRef = D33D529D117FB65B00BA7203 /* CFNetwork.framework */; };
		D33D52A0117FB65B00BA7203 /* MobileCoreServices.framework in Frameworks */ = {isa = PBXBuildFile; fileRef = D33D529F117FB65B00BA7203 /* MobileCoreServices.framework */; };
		D33D52A2117FB65B00BA7203 /* SystemConfiguration.framework in Frameworks */ = {isa = PBXBuildFile; fileRef = D33D52A1117FB65B00BA7203 /* SystemConfiguration.framework */; };
		D33D52A4117FB65B00BA7203 /* libz.1.2.3.dylib in Frameworks */ = {isa = PBXBuildFile; fileRef = D33D52A3117FB65B00BA7203 /* libz.1.2.3.dylib */; };
		D33D5380117FBD5D00BA7203 /* Paper.m in Sources */ = {isa = PBXBuildFile; fileRef = D33D537F117FBD5D00BA7203 /* Paper.m */; };
		D33D548D117FCCA700BA7203 /* CXMLDocument_CreationExtensions.m in Sources */ = {isa = PBXBuildFile; fileRef = D33D5476117FCCA700BA7203 /* CXMLDocument_CreationExtensions.m */; };
		D33D548E117FCCA700BA7203 /* CXMLNode_CreationExtensions.m in Sources */ = {isa = PBXBuildFile; fileRef = D33D5478117FCCA700BA7203 /* CXMLNode_CreationExtensions.m */; };
		D33D548F117FCCA700BA7203 /* CXMLDocument.m in Sources */ = {isa = PBXBuildFile; fileRef = D33D547A117FCCA700BA7203 /* CXMLDocument.m */; };
		D33D5490117FCCA700BA7203 /* CXMLDocument_PrivateExtensions.m in Sources */ = {isa = PBXBuildFile; fileRef = D33D547C117FCCA700BA7203 /* CXMLDocument_PrivateExtensions.m */; };
		D33D5491117FCCA700BA7203 /* CXMLElement.m in Sources */ = {isa = PBXBuildFile; fileRef = D33D547E117FCCA700BA7203 /* CXMLElement.m */; };
		D33D5492117FCCA700BA7203 /* CXMLElement_CreationExtensions.m in Sources */ = {isa = PBXBuildFile; fileRef = D33D5480117FCCA700BA7203 /* CXMLElement_CreationExtensions.m */; };
		D33D5493117FCCA700BA7203 /* CXMLElement_ElementTreeExtensions.m in Sources */ = {isa = PBXBuildFile; fileRef = D33D5482117FCCA700BA7203 /* CXMLElement_ElementTreeExtensions.m */; };
		D33D5494117FCCA700BA7203 /* CXMLNode.m in Sources */ = {isa = PBXBuildFile; fileRef = D33D5484117FCCA700BA7203 /* CXMLNode.m */; };
		D33D5495117FCCA700BA7203 /* CXMLNode_PrivateExtensions.m in Sources */ = {isa = PBXBuildFile; fileRef = D33D5486117FCCA700BA7203 /* CXMLNode_PrivateExtensions.m */; };
		D33D5496117FCCA700BA7203 /* CXMLNode_XPathExtensions.m in Sources */ = {isa = PBXBuildFile; fileRef = D33D5488117FCCA700BA7203 /* CXMLNode_XPathExtensions.m */; };
		D33D5497117FCCA700BA7203 /* CTidy.m in Sources */ = {isa = PBXBuildFile; fileRef = D33D548B117FCCA700BA7203 /* CTidy.m */; };
		D33D5504117FD44C00BA7203 /* TouchXML+Extras.m in Sources */ = {isa = PBXBuildFile; fileRef = D33D5503117FD44C00BA7203 /* TouchXML+Extras.m */; };
		D33D550B117FD4A400BA7203 /* XMLParsingException.m in Sources */ = {isa = PBXBuildFile; fileRef = D33D550A117FD4A400BA7203 /* XMLParsingException.m */; };
		D33D56FA117FF39200BA7203 /* LeavesView.m in Sources */ = {isa = PBXBuildFile; fileRef = D33D56F7117FF39200BA7203 /* LeavesView.m */; };
		D33D56FB117FF39200BA7203 /* LeavesViewController.m in Sources */ = {isa = PBXBuildFile; fileRef = D33D56F9117FF39200BA7203 /* LeavesViewController.m */; };
		D33D5717117FF44C00BA7203 /* QuartzCore.framework in Frameworks */ = {isa = PBXBuildFile; fileRef = D33D5716117FF44C00BA7203 /* QuartzCore.framework */; };
		D33D580D1180113B00BA7203 /* Utilities.m in Sources */ = {isa = PBXBuildFile; fileRef = D33D580C1180113B00BA7203 /* Utilities.m */; };
		D33D59A511802BC400BA7203 /* PubsViewController.m in Sources */ = {isa = PBXBuildFile; fileRef = D33D59A411802BC400BA7203 /* PubsViewController.m */; };
		D3AEC53D11934B8F009BE344 /* Paper+Saving.m in Sources */ = {isa = PBXBuildFile; fileRef = D3AEC53C11934B8F009BE344 /* Paper+Saving.m */; };
		D3AEC63F11937132009BE344 /* SavedViewController.m in Sources */ = {isa = PBXBuildFile; fileRef = D3AEC63E11937132009BE344 /* SavedViewController.m */; };
		D3AEC8B71194BFD6009BE344 /* Folder.png in Resources */ = {isa = PBXBuildFile; fileRef = D3AEC8B61194BFD6009BE344 /* Folder.png */; };
		D3B6580011AC80E600EF9BCA /* MagnifierViewController.m in Sources */ = {isa = PBXBuildFile; fileRef = D3B657FF11AC80E600EF9BCA /* MagnifierViewController.m */; };
		D3B6581B11AC822E00EF9BCA /* MagnifierViewController.xib in Resources */ = {isa = PBXBuildFile; fileRef = D3B6581A11AC822E00EF9BCA /* MagnifierViewController.xib */; };
		D3B6586011AC866E00EF9BCA /* Magnify.png in Resources */ = {isa = PBXBuildFile; fileRef = D3B6585F11AC866E00EF9BCA /* Magnify.png */; };
		D3B659F011ADDA5F00EF9BCA /* Unmagnify.png in Resources */ = {isa = PBXBuildFile; fileRef = D3B659EF11ADDA5F00EF9BCA /* Unmagnify.png */; };
		D3B65A1511AE3E3500EF9BCA /* ThumbnailsViewController.m in Sources */ = {isa = PBXBuildFile; fileRef = D3B65A1411AE3E3500EF9BCA /* ThumbnailsViewController.m */; };
		D3B65A8011AE473000EF9BCA /* ThumbnailCell.m in Sources */ = {isa = PBXBuildFile; fileRef = D3B65A7F11AE473000EF9BCA /* ThumbnailCell.m */; };
		D3B65A9811AE485A00EF9BCA /* ThumbnailCell.xib in Resources */ = {isa = PBXBuildFile; fileRef = D3B65A9711AE485A00EF9BCA /* ThumbnailCell.xib */; };
		D3B6637711B3510700EF9BCA /* LeavesTrivialCache.m in Sources */ = {isa = PBXBuildFile; fileRef = D3B6637611B3510700EF9BCA /* LeavesTrivialCache.m */; };
		D3B666DE11B72B3A00EF9BCA /* LeavesNullCache.m in Sources */ = {isa = PBXBuildFile; fileRef = D3B666DD11B72B3A00EF9BCA /* LeavesNullCache.m */; };
		D3B6694E11B883E100EF9BCA /* FeedHeader.xib in Resources */ = {isa = PBXBuildFile; fileRef = D3B6694D11B883E100EF9BCA /* FeedHeader.xib */; };
		D3DCD87B11A4C11900ECAC8E /* About_Biology.png in Resources */ = {isa = PBXBuildFile; fileRef = D3DCD87511A4C11900ECAC8E /* About_Biology.png */; };
		D3DCD87C11A4C11900ECAC8E /* About_CompBio.png in Resources */ = {isa = PBXBuildFile; fileRef = D3DCD87611A4C11900ECAC8E /* About_CompBio.png */; };
		D3DCD87D11A4C11900ECAC8E /* About_Genetics.png in Resources */ = {isa = PBXBuildFile; fileRef = D3DCD87711A4C11900ECAC8E /* About_Genetics.png */; };
		D3DCD87E11A4C11900ECAC8E /* About_Medicine.png in Resources */ = {isa = PBXBuildFile; fileRef = D3DCD87811A4C11900ECAC8E /* About_Medicine.png */; };
		D3DCD87F11A4C11900ECAC8E /* About_One.png in Resources */ = {isa = PBXBuildFile; fileRef = D3DCD87911A4C11900ECAC8E /* About_One.png */; };
		D3DCD88011A4C11900ECAC8E /* About_Pathogens.png in Resources */ = {isa = PBXBuildFile; fileRef = D3DCD87A11A4C11900ECAC8E /* About_Pathogens.png */; };
		D3DCDAF111A5FFA800ECAC8E /* PLoS_Header.png in Resources */ = {isa = PBXBuildFile; fileRef = D3DCDAF011A5FFA800ECAC8E /* PLoS_Header.png */; };
		D3DCDBBF11A71E0900ECAC8E /* SpecialHTTPRequest.m in Sources */ = {isa = PBXBuildFile; fileRef = D3DCDBBE11A71E0900ECAC8E /* SpecialHTTPRequest.m */; };
		D3DCDD1211A87F5A00ECAC8E /* Entitlements.plist in Resources */ = {isa = PBXBuildFile; fileRef = D3DCDD1111A87F5A00ECAC8E /* Entitlements.plist */; };
		D3E11564119DD3D100AA148E /* AboutViewController.m in Sources */ = {isa = PBXBuildFile; fileRef = D3E11562119DD3D100AA148E /* AboutViewController.m */; };
		D3E11565119DD3D100AA148E /* AboutViewController.xib in Resources */ = {isa = PBXBuildFile; fileRef = D3E11563119DD3D100AA148E /* AboutViewController.xib */; };
		D3E115C6119DE36200AA148E /* FeedActions.png in Resources */ = {isa = PBXBuildFile; fileRef = D3E115C5119DE36200AA148E /* FeedActions.png */; };
		D3E1161A119DFFC200AA148E /* About_NTD.png in Resources */ = {isa = PBXBuildFile; fileRef = D3E11619119DFFC200AA148E /* About_NTD.png */; };
		D3E1161D119E032700AA148E /* About_PLoS.png in Resources */ = {isa = PBXBuildFile; fileRef = D3E1161C119E032700AA148E /* About_PLoS.png */; };
		D3FB38691180F3DB00AC0932 /* PaperCell.xib in Resources */ = {isa = PBXBuildFile; fileRef = D3FB38681180F3DB00AC0932 /* PaperCell.xib */; };
		D3FB386D1180F48C00AC0932 /* PaperCell.m in Sources */ = {isa = PBXBuildFile; fileRef = D3FB386C1180F48C00AC0932 /* PaperCell.m */; };
		D3FB39BC11815B0900AC0932 /* CitationButton.png in Resources */ = {isa = PBXBuildFile; fileRef = D3FB39BB11815B0900AC0932 /* CitationButton.png */; };
		D3FB39F3118161CF00AC0932 /* CitationButtonHighlighted.png in Resources */ = {isa = PBXBuildFile; fileRef = D3FB39F2118161CF00AC0932 /* CitationButtonHighlighted.png */; };
		D3FB3B5E11861CD600AC0932 /* NSString+Extras.m in Sources */ = {isa = PBXBuildFile; fileRef = D3FB3B5D11861CD600AC0932 /* NSString+Extras.m */; };
		D3FB3C1A11862FAA00AC0932 /* MessageUI.framework in Frameworks */ = {isa = PBXBuildFile; fileRef = D3FB3C1911862FAA00AC0932 /* MessageUI.framework */; };
		D3FB3E991189059100AC0932 /* JournalCell.m in Sources */ = {isa = PBXBuildFile; fileRef = D3FB3E981189059100AC0932 /* JournalCell.m */; };
		D3FB3EFC11890D5700AC0932 /* PLoS_Biology.png in Resources */ = {isa = PBXBuildFile; fileRef = D3FB3EF511890D5700AC0932 /* PLoS_Biology.png */; };
		D3FB3EFD11890D5700AC0932 /* PLoS_CompBio.png in Resources */ = {isa = PBXBuildFile; fileRef = D3FB3EF611890D5700AC0932 /* PLoS_CompBio.png */; };
		D3FB3EFE11890D5700AC0932 /* PLoS_Genetics.png in Resources */ = {isa = PBXBuildFile; fileRef = D3FB3EF711890D5700AC0932 /* PLoS_Genetics.png */; };
		D3FB3EFF11890D5700AC0932 /* PLoS_Medicine.png in Resources */ = {isa = PBXBuildFile; fileRef = D3FB3EF811890D5700AC0932 /* PLoS_Medicine.png */; };
		D3FB3F0011890D5700AC0932 /* PLoS_NTD.png in Resources */ = {isa = PBXBuildFile; fileRef = D3FB3EF911890D5700AC0932 /* PLoS_NTD.png */; };
		D3FB3F0111890D5700AC0932 /* PLoS_One.png in Resources */ = {isa = PBXBuildFile; fileRef = D3FB3EFA11890D5700AC0932 /* PLoS_One.png */; };
		D3FB3F0211890D5700AC0932 /* PLoS_Pathogens.png in Resources */ = {isa = PBXBuildFile; fileRef = D3FB3EFB11890D5700AC0932 /* PLoS_Pathogens.png */; };
		D3FB3F2311891A0100AC0932 /* Background.png in Resources */ = {isa = PBXBuildFile; fileRef = D3FB3F2211891A0100AC0932 /* Background.png */; };
		D3FB3F3A1189342000AC0932 /* InnerShadow.png in Resources */ = {isa = PBXBuildFile; fileRef = D3FB3F391189342000AC0932 /* InnerShadow.png */; };
		D3FB4035118A04CD00AC0932 /* PageScrollView.m in Sources */ = {isa = PBXBuildFile; fileRef = D3FB4034118A04CD00AC0932 /* PageScrollView.m */; };
		D3FB4298118E4C8B00AC0932 /* Default-Landscape.png in Resources */ = {isa = PBXBuildFile; fileRef = D3FB4296118E4C8B00AC0932 /* Default-Landscape.png */; };
		D3FB4299118E4C8B00AC0932 /* Default-Portrait.png in Resources */ = {isa = PBXBuildFile; fileRef = D3FB4297118E4C8B00AC0932 /* Default-Portrait.png */; };
		D3FB43B5118E83DA00AC0932 /* Icon.png in Resources */ = {isa = PBXBuildFile; fileRef = D3FB43B4118E83DA00AC0932 /* Icon.png */; };
/* End PBXBuildFile section */

/* Begin PBXFileReference section */
		1D30AB110D05D00D00671497 /* Foundation.framework */ = {isa = PBXFileReference; lastKnownFileType = wrapper.framework; name = Foundation.framework; path = System/Library/Frameworks/Foundation.framework; sourceTree = SDKROOT; };
		1D3623240D0F684500981E51 /* ReaderAppDelegate.h */ = {isa = PBXFileReference; fileEncoding = 4; lastKnownFileType = sourcecode.c.h; path = ReaderAppDelegate.h; sourceTree = "<group>"; };
		1D3623250D0F684500981E51 /* ReaderAppDelegate.m */ = {isa = PBXFileReference; fileEncoding = 4; lastKnownFileType = sourcecode.c.objc; path = ReaderAppDelegate.m; sourceTree = "<group>"; };
		1D6058910D05DD3D006BFB54 /* Reader.app */ = {isa = PBXFileReference; explicitFileType = wrapper.application; includeInIndex = 0; path = Reader.app; sourceTree = BUILT_PRODUCTS_DIR; };
		1DF5F4DF0D08C38300B7A737 /* UIKit.framework */ = {isa = PBXFileReference; lastKnownFileType = wrapper.framework; name = UIKit.framework; path = System/Library/Frameworks/UIKit.framework; sourceTree = SDKROOT; };
		28042007108E984D000629CD /* FeedViewController.h */ = {isa = PBXFileReference; fileEncoding = 4; lastKnownFileType = sourcecode.c.h; path = FeedViewController.h; sourceTree = "<group>"; };
		28042008108E984D000629CD /* FeedViewController.m */ = {isa = PBXFileReference; fileEncoding = 4; lastKnownFileType = sourcecode.c.objc; path = FeedViewController.m; sourceTree = "<group>"; };
		28042009108E984D000629CD /* PaperViewController.h */ = {isa = PBXFileReference; fileEncoding = 4; lastKnownFileType = sourcecode.c.h; path = PaperViewController.h; sourceTree = "<group>"; };
		2804200A108E984D000629CD /* PaperViewController.m */ = {isa = PBXFileReference; fileEncoding = 4; lastKnownFileType = sourcecode.c.objc; path = PaperViewController.m; sourceTree = "<group>"; };
		2804203B108E9BAB000629CD /* DetailView.xib */ = {isa = PBXFileReference; lastKnownFileType = file.xib; path = DetailView.xib; sourceTree = "<group>"; };
		2892E40F0DC94CBA00A64D0F /* CoreGraphics.framework */ = {isa = PBXFileReference; lastKnownFileType = wrapper.framework; name = CoreGraphics.framework; path = System/Library/Frameworks/CoreGraphics.framework; sourceTree = SDKROOT; };
		28A0AAE50D9B0CCF005BE974 /* Reader_Prefix.pch */ = {isa = PBXFileReference; fileEncoding = 4; lastKnownFileType = sourcecode.c.h; path = Reader_Prefix.pch; sourceTree = "<group>"; };
		28AD735F0D9D9599002E5188 /* MainWindow.xib */ = {isa = PBXFileReference; lastKnownFileType = file.xib; path = MainWindow.xib; sourceTree = "<group>"; };
		29B97316FDCFA39411CA2CEA /* main.m */ = {isa = PBXFileReference; fileEncoding = 4; lastKnownFileType = sourcecode.c.objc; path = main.m; sourceTree = "<group>"; };
		8D1107310486CEB800E47090 /* Reader-Info.plist */ = {isa = PBXFileReference; fileEncoding = 4; lastKnownFileType = text.plist.xml; path = "Reader-Info.plist"; plistStructureDefinitionIdentifier = "com.apple.xcode.plist.structure-definition.iphone.info-plist"; sourceTree = "<group>"; };
		D337E1F2119B4CDF003E5728 /* LeavesCache.h */ = {isa = PBXFileReference; fileEncoding = 4; lastKnownFileType = sourcecode.c.h; path = LeavesCache.h; sourceTree = "<group>"; };
		D337E1F3119B4CDF003E5728 /* LeavesCache.m */ = {isa = PBXFileReference; fileEncoding = 4; lastKnownFileType = sourcecode.c.objc; path = LeavesCache.m; sourceTree = "<group>"; };
		D33D3BC3119A0FAA0083A058 /* SubjectsViewController.h */ = {isa = PBXFileReference; fileEncoding = 4; lastKnownFileType = sourcecode.c.h; path = SubjectsViewController.h; sourceTree = "<group>"; };
		D33D3BC4119A0FAA0083A058 /* SubjectsViewController.m */ = {isa = PBXFileReference; fileEncoding = 4; lastKnownFileType = sourcecode.c.objc; path = SubjectsViewController.m; sourceTree = "<group>"; };
		D33D3C2E119A1F960083A058 /* UIColor+Extras.h */ = {isa = PBXFileReference; fileEncoding = 4; lastKnownFileType = sourcecode.c.h; path = "UIColor+Extras.h"; sourceTree = "<group>"; };
		D33D3C2F119A1F960083A058 /* UIColor+Extras.m */ = {isa = PBXFileReference; fileEncoding = 4; lastKnownFileType = sourcecode.c.objc; path = "UIColor+Extras.m"; sourceTree = "<group>"; };
		D33D5252117FB3A200BA7203 /* Feed.h */ = {isa = PBXFileReference; fileEncoding = 4; lastKnownFileType = sourcecode.c.h; path = Feed.h; sourceTree = "<group>"; };
		D33D5253117FB3A200BA7203 /* Feed.m */ = {isa = PBXFileReference; fileEncoding = 4; lastKnownFileType = sourcecode.c.objc; path = Feed.m; sourceTree = "<group>"; };
		D33D526B117FB57600BA7203 /* ASIAuthenticationDialog.h */ = {isa = PBXFileReference; fileEncoding = 4; lastKnownFileType = sourcecode.c.h; path = ASIAuthenticationDialog.h; sourceTree = "<group>"; };
		D33D526C117FB57600BA7203 /* ASIAuthenticationDialog.m */ = {isa = PBXFileReference; fileEncoding = 4; lastKnownFileType = sourcecode.c.objc; path = ASIAuthenticationDialog.m; sourceTree = "<group>"; };
		D33D526D117FB57600BA7203 /* ASIFormDataRequest.h */ = {isa = PBXFileReference; fileEncoding = 4; lastKnownFileType = sourcecode.c.h; path = ASIFormDataRequest.h; sourceTree = "<group>"; };
		D33D526E117FB57600BA7203 /* ASIFormDataRequest.m */ = {isa = PBXFileReference; fileEncoding = 4; lastKnownFileType = sourcecode.c.objc; path = ASIFormDataRequest.m; sourceTree = "<group>"; };
		D33D526F117FB57600BA7203 /* ASIHTTPRequest.h */ = {isa = PBXFileReference; fileEncoding = 4; lastKnownFileType = sourcecode.c.h; path = ASIHTTPRequest.h; sourceTree = "<group>"; };
		D33D5270117FB57600BA7203 /* ASIHTTPRequest.m */ = {isa = PBXFileReference; fileEncoding = 4; lastKnownFileType = sourcecode.c.objc; path = ASIHTTPRequest.m; sourceTree = "<group>"; };
		D33D5271117FB57600BA7203 /* ASIHTTPRequestConfig.h */ = {isa = PBXFileReference; fileEncoding = 4; lastKnownFileType = sourcecode.c.h; path = ASIHTTPRequestConfig.h; sourceTree = "<group>"; };
		D33D5272117FB57600BA7203 /* ASIHTTPRequestDelegate.h */ = {isa = PBXFileReference; fileEncoding = 4; lastKnownFileType = sourcecode.c.h; path = ASIHTTPRequestDelegate.h; sourceTree = "<group>"; };
		D33D5273117FB57600BA7203 /* ASIInputStream.h */ = {isa = PBXFileReference; fileEncoding = 4; lastKnownFileType = sourcecode.c.h; path = ASIInputStream.h; sourceTree = "<group>"; };
		D33D5274117FB57600BA7203 /* ASIInputStream.m */ = {isa = PBXFileReference; fileEncoding = 4; lastKnownFileType = sourcecode.c.objc; path = ASIInputStream.m; sourceTree = "<group>"; };
		D33D5275117FB57600BA7203 /* ASINetworkQueue.h */ = {isa = PBXFileReference; fileEncoding = 4; lastKnownFileType = sourcecode.c.h; path = ASINetworkQueue.h; sourceTree = "<group>"; };
		D33D5276117FB57600BA7203 /* ASINetworkQueue.m */ = {isa = PBXFileReference; fileEncoding = 4; lastKnownFileType = sourcecode.c.objc; path = ASINetworkQueue.m; sourceTree = "<group>"; };
		D33D5277117FB57600BA7203 /* ASINSStringAdditions.h */ = {isa = PBXFileReference; fileEncoding = 4; lastKnownFileType = sourcecode.c.h; path = ASINSStringAdditions.h; sourceTree = "<group>"; };
		D33D5278117FB57600BA7203 /* ASINSStringAdditions.m */ = {isa = PBXFileReference; fileEncoding = 4; lastKnownFileType = sourcecode.c.objc; path = ASINSStringAdditions.m; sourceTree = "<group>"; };
		D33D5279117FB57600BA7203 /* ASIProgressDelegate.h */ = {isa = PBXFileReference; fileEncoding = 4; lastKnownFileType = sourcecode.c.h; path = ASIProgressDelegate.h; sourceTree = "<group>"; };
		D33D5288117FB5B900BA7203 /* Reachability.h */ = {isa = PBXFileReference; fileEncoding = 4; lastKnownFileType = sourcecode.c.h; path = Reachability.h; sourceTree = "<group>"; };
		D33D5289117FB5B900BA7203 /* Reachability.m */ = {isa = PBXFileReference; fileEncoding = 4; lastKnownFileType = sourcecode.c.objc; path = Reachability.m; sourceTree = "<group>"; };
		D33D529D117FB65B00BA7203 /* CFNetwork.framework */ = {isa = PBXFileReference; lastKnownFileType = wrapper.framework; name = CFNetwork.framework; path = System/Library/Frameworks/CFNetwork.framework; sourceTree = SDKROOT; };
		D33D529F117FB65B00BA7203 /* MobileCoreServices.framework */ = {isa = PBXFileReference; lastKnownFileType = wrapper.framework; name = MobileCoreServices.framework; path = System/Library/Frameworks/MobileCoreServices.framework; sourceTree = SDKROOT; };
		D33D52A1117FB65B00BA7203 /* SystemConfiguration.framework */ = {isa = PBXFileReference; lastKnownFileType = wrapper.framework; name = SystemConfiguration.framework; path = System/Library/Frameworks/SystemConfiguration.framework; sourceTree = SDKROOT; };
		D33D52A3117FB65B00BA7203 /* libz.1.2.3.dylib */ = {isa = PBXFileReference; lastKnownFileType = "compiled.mach-o.dylib"; name = libz.1.2.3.dylib; path = usr/lib/libz.1.2.3.dylib; sourceTree = SDKROOT; };
		D33D537E117FBD5D00BA7203 /* Paper.h */ = {isa = PBXFileReference; fileEncoding = 4; lastKnownFileType = sourcecode.c.h; path = Paper.h; sourceTree = "<group>"; };
		D33D537F117FBD5D00BA7203 /* Paper.m */ = {isa = PBXFileReference; fileEncoding = 4; lastKnownFileType = sourcecode.c.objc; path = Paper.m; sourceTree = "<group>"; };
		D33D5475117FCCA700BA7203 /* CXMLDocument_CreationExtensions.h */ = {isa = PBXFileReference; fileEncoding = 4; lastKnownFileType = sourcecode.c.h; path = CXMLDocument_CreationExtensions.h; sourceTree = "<group>"; };
		D33D5476117FCCA700BA7203 /* CXMLDocument_CreationExtensions.m */ = {isa = PBXFileReference; fileEncoding = 4; lastKnownFileType = sourcecode.c.objc; path = CXMLDocument_CreationExtensions.m; sourceTree = "<group>"; };
		D33D5477117FCCA700BA7203 /* CXMLNode_CreationExtensions.h */ = {isa = PBXFileReference; fileEncoding = 4; lastKnownFileType = sourcecode.c.h; path = CXMLNode_CreationExtensions.h; sourceTree = "<group>"; };
		D33D5478117FCCA700BA7203 /* CXMLNode_CreationExtensions.m */ = {isa = PBXFileReference; fileEncoding = 4; lastKnownFileType = sourcecode.c.objc; path = CXMLNode_CreationExtensions.m; sourceTree = "<group>"; };
		D33D5479117FCCA700BA7203 /* CXMLDocument.h */ = {isa = PBXFileReference; fileEncoding = 4; lastKnownFileType = sourcecode.c.h; path = CXMLDocument.h; sourceTree = "<group>"; };
		D33D547A117FCCA700BA7203 /* CXMLDocument.m */ = {isa = PBXFileReference; fileEncoding = 4; lastKnownFileType = sourcecode.c.objc; path = CXMLDocument.m; sourceTree = "<group>"; };
		D33D547B117FCCA700BA7203 /* CXMLDocument_PrivateExtensions.h */ = {isa = PBXFileReference; fileEncoding = 4; lastKnownFileType = sourcecode.c.h; path = CXMLDocument_PrivateExtensions.h; sourceTree = "<group>"; };
		D33D547C117FCCA700BA7203 /* CXMLDocument_PrivateExtensions.m */ = {isa = PBXFileReference; fileEncoding = 4; lastKnownFileType = sourcecode.c.objc; path = CXMLDocument_PrivateExtensions.m; sourceTree = "<group>"; };
		D33D547D117FCCA700BA7203 /* CXMLElement.h */ = {isa = PBXFileReference; fileEncoding = 4; lastKnownFileType = sourcecode.c.h; path = CXMLElement.h; sourceTree = "<group>"; };
		D33D547E117FCCA700BA7203 /* CXMLElement.m */ = {isa = PBXFileReference; fileEncoding = 4; lastKnownFileType = sourcecode.c.objc; path = CXMLElement.m; sourceTree = "<group>"; };
		D33D547F117FCCA700BA7203 /* CXMLElement_CreationExtensions.h */ = {isa = PBXFileReference; fileEncoding = 4; lastKnownFileType = sourcecode.c.h; path = CXMLElement_CreationExtensions.h; sourceTree = "<group>"; };
		D33D5480117FCCA700BA7203 /* CXMLElement_CreationExtensions.m */ = {isa = PBXFileReference; fileEncoding = 4; lastKnownFileType = sourcecode.c.objc; path = CXMLElement_CreationExtensions.m; sourceTree = "<group>"; };
		D33D5481117FCCA700BA7203 /* CXMLElement_ElementTreeExtensions.h */ = {isa = PBXFileReference; fileEncoding = 4; lastKnownFileType = sourcecode.c.h; path = CXMLElement_ElementTreeExtensions.h; sourceTree = "<group>"; };
		D33D5482117FCCA700BA7203 /* CXMLElement_ElementTreeExtensions.m */ = {isa = PBXFileReference; fileEncoding = 4; lastKnownFileType = sourcecode.c.objc; path = CXMLElement_ElementTreeExtensions.m; sourceTree = "<group>"; };
		D33D5483117FCCA700BA7203 /* CXMLNode.h */ = {isa = PBXFileReference; fileEncoding = 4; lastKnownFileType = sourcecode.c.h; path = CXMLNode.h; sourceTree = "<group>"; };
		D33D5484117FCCA700BA7203 /* CXMLNode.m */ = {isa = PBXFileReference; fileEncoding = 4; lastKnownFileType = sourcecode.c.objc; path = CXMLNode.m; sourceTree = "<group>"; };
		D33D5485117FCCA700BA7203 /* CXMLNode_PrivateExtensions.h */ = {isa = PBXFileReference; fileEncoding = 4; lastKnownFileType = sourcecode.c.h; path = CXMLNode_PrivateExtensions.h; sourceTree = "<group>"; };
		D33D5486117FCCA700BA7203 /* CXMLNode_PrivateExtensions.m */ = {isa = PBXFileReference; fileEncoding = 4; lastKnownFileType = sourcecode.c.objc; path = CXMLNode_PrivateExtensions.m; sourceTree = "<group>"; };
		D33D5487117FCCA700BA7203 /* CXMLNode_XPathExtensions.h */ = {isa = PBXFileReference; fileEncoding = 4; lastKnownFileType = sourcecode.c.h; path = CXMLNode_XPathExtensions.h; sourceTree = "<group>"; };
		D33D5488117FCCA700BA7203 /* CXMLNode_XPathExtensions.m */ = {isa = PBXFileReference; fileEncoding = 4; lastKnownFileType = sourcecode.c.objc; path = CXMLNode_XPathExtensions.m; sourceTree = "<group>"; };
		D33D548A117FCCA700BA7203 /* CTidy.h */ = {isa = PBXFileReference; fileEncoding = 4; lastKnownFileType = sourcecode.c.h; path = CTidy.h; sourceTree = "<group>"; };
		D33D548B117FCCA700BA7203 /* CTidy.m */ = {isa = PBXFileReference; fileEncoding = 4; lastKnownFileType = sourcecode.c.objc; path = CTidy.m; sourceTree = "<group>"; };
		D33D548C117FCCA700BA7203 /* TouchXML.h */ = {isa = PBXFileReference; fileEncoding = 4; lastKnownFileType = sourcecode.c.h; path = TouchXML.h; sourceTree = "<group>"; };
		D33D5502117FD44C00BA7203 /* TouchXML+Extras.h */ = {isa = PBXFileReference; fileEncoding = 4; lastKnownFileType = sourcecode.c.h; path = "TouchXML+Extras.h"; sourceTree = "<group>"; };
		D33D5503117FD44C00BA7203 /* TouchXML+Extras.m */ = {isa = PBXFileReference; fileEncoding = 4; lastKnownFileType = sourcecode.c.objc; path = "TouchXML+Extras.m"; sourceTree = "<group>"; };
		D33D5509117FD4A400BA7203 /* XMLParsingException.h */ = {isa = PBXFileReference; fileEncoding = 4; lastKnownFileType = sourcecode.c.h; path = XMLParsingException.h; sourceTree = "<group>"; };
		D33D550A117FD4A400BA7203 /* XMLParsingException.m */ = {isa = PBXFileReference; fileEncoding = 4; lastKnownFileType = sourcecode.c.objc; path = XMLParsingException.m; sourceTree = "<group>"; };
		D33D56F6117FF39200BA7203 /* LeavesView.h */ = {isa = PBXFileReference; fileEncoding = 4; lastKnownFileType = sourcecode.c.h; path = LeavesView.h; sourceTree = "<group>"; };
		D33D56F7117FF39200BA7203 /* LeavesView.m */ = {isa = PBXFileReference; fileEncoding = 4; lastKnownFileType = sourcecode.c.objc; path = LeavesView.m; sourceTree = "<group>"; };
		D33D56F8117FF39200BA7203 /* LeavesViewController.h */ = {isa = PBXFileReference; fileEncoding = 4; lastKnownFileType = sourcecode.c.h; path = LeavesViewController.h; sourceTree = "<group>"; };
		D33D56F9117FF39200BA7203 /* LeavesViewController.m */ = {isa = PBXFileReference; fileEncoding = 4; lastKnownFileType = sourcecode.c.objc; path = LeavesViewController.m; sourceTree = "<group>"; };
		D33D5716117FF44C00BA7203 /* QuartzCore.framework */ = {isa = PBXFileReference; lastKnownFileType = wrapper.framework; name = QuartzCore.framework; path = System/Library/Frameworks/QuartzCore.framework; sourceTree = SDKROOT; };
		D33D580B1180113B00BA7203 /* Utilities.h */ = {isa = PBXFileReference; fileEncoding = 4; lastKnownFileType = sourcecode.c.h; path = Utilities.h; sourceTree = "<group>"; };
		D33D580C1180113B00BA7203 /* Utilities.m */ = {isa = PBXFileReference; fileEncoding = 4; lastKnownFileType = sourcecode.c.objc; path = Utilities.m; sourceTree = "<group>"; };
		D33D59A311802BC400BA7203 /* PubsViewController.h */ = {isa = PBXFileReference; fileEncoding = 4; lastKnownFileType = sourcecode.c.h; path = PubsViewController.h; sourceTree = "<group>"; };
		D33D59A411802BC400BA7203 /* PubsViewController.m */ = {isa = PBXFileReference; fileEncoding = 4; lastKnownFileType = sourcecode.c.objc; path = PubsViewController.m; sourceTree = "<group>"; };
		D3AEC53B11934B8F009BE344 /* Paper+Saving.h */ = {isa = PBXFileReference; fileEncoding = 4; lastKnownFileType = sourcecode.c.h; path = "Paper+Saving.h"; sourceTree = "<group>"; };
		D3AEC53C11934B8F009BE344 /* Paper+Saving.m */ = {isa = PBXFileReference; fileEncoding = 4; lastKnownFileType = sourcecode.c.objc; path = "Paper+Saving.m"; sourceTree = "<group>"; };
		D3AEC63D11937132009BE344 /* SavedViewController.h */ = {isa = PBXFileReference; fileEncoding = 4; lastKnownFileType = sourcecode.c.h; path = SavedViewController.h; sourceTree = "<group>"; };
		D3AEC63E11937132009BE344 /* SavedViewController.m */ = {isa = PBXFileReference; fileEncoding = 4; lastKnownFileType = sourcecode.c.objc; path = SavedViewController.m; sourceTree = "<group>"; };
		D3AEC8B61194BFD6009BE344 /* Folder.png */ = {isa = PBXFileReference; lastKnownFileType = image.png; path = Folder.png; sourceTree = "<group>"; };
		D3B657FE11AC80E600EF9BCA /* MagnifierViewController.h */ = {isa = PBXFileReference; fileEncoding = 4; lastKnownFileType = sourcecode.c.h; path = MagnifierViewController.h; sourceTree = "<group>"; };
		D3B657FF11AC80E600EF9BCA /* MagnifierViewController.m */ = {isa = PBXFileReference; fileEncoding = 4; lastKnownFileType = sourcecode.c.objc; path = MagnifierViewController.m; sourceTree = "<group>"; };
		D3B6581A11AC822E00EF9BCA /* MagnifierViewController.xib */ = {isa = PBXFileReference; lastKnownFileType = file.xib; path = MagnifierViewController.xib; sourceTree = "<group>"; };
		D3B6585F11AC866E00EF9BCA /* Magnify.png */ = {isa = PBXFileReference; lastKnownFileType = image.png; path = Magnify.png; sourceTree = "<group>"; };
		D3B659EF11ADDA5F00EF9BCA /* Unmagnify.png */ = {isa = PBXFileReference; lastKnownFileType = image.png; path = Unmagnify.png; sourceTree = "<group>"; };
		D3B65A1311AE3E3500EF9BCA /* ThumbnailsViewController.h */ = {isa = PBXFileReference; fileEncoding = 4; lastKnownFileType = sourcecode.c.h; path = ThumbnailsViewController.h; sourceTree = "<group>"; };
		D3B65A1411AE3E3500EF9BCA /* ThumbnailsViewController.m */ = {isa = PBXFileReference; fileEncoding = 4; lastKnownFileType = sourcecode.c.objc; path = ThumbnailsViewController.m; sourceTree = "<group>"; };
		D3B65A7E11AE473000EF9BCA /* ThumbnailCell.h */ = {isa = PBXFileReference; fileEncoding = 4; lastKnownFileType = sourcecode.c.h; path = ThumbnailCell.h; sourceTree = "<group>"; };
		D3B65A7F11AE473000EF9BCA /* ThumbnailCell.m */ = {isa = PBXFileReference; fileEncoding = 4; lastKnownFileType = sourcecode.c.objc; path = ThumbnailCell.m; sourceTree = "<group>"; };
		D3B65A9711AE485A00EF9BCA /* ThumbnailCell.xib */ = {isa = PBXFileReference; lastKnownFileType = file.xib; path = ThumbnailCell.xib; sourceTree = "<group>"; };
		D3B6637511B3510700EF9BCA /* LeavesTrivialCache.h */ = {isa = PBXFileReference; fileEncoding = 4; lastKnownFileType = sourcecode.c.h; path = LeavesTrivialCache.h; sourceTree = "<group>"; };
		D3B6637611B3510700EF9BCA /* LeavesTrivialCache.m */ = {isa = PBXFileReference; fileEncoding = 4; lastKnownFileType = sourcecode.c.objc; path = LeavesTrivialCache.m; sourceTree = "<group>"; };
		D3B666DC11B72B3A00EF9BCA /* LeavesNullCache.h */ = {isa = PBXFileReference; fileEncoding = 4; lastKnownFileType = sourcecode.c.h; path = LeavesNullCache.h; sourceTree = "<group>"; };
		D3B666DD11B72B3A00EF9BCA /* LeavesNullCache.m */ = {isa = PBXFileReference; fileEncoding = 4; lastKnownFileType = sourcecode.c.objc; path = LeavesNullCache.m; sourceTree = "<group>"; };
		D3B6694D11B883E100EF9BCA /* FeedHeader.xib */ = {isa = PBXFileReference; lastKnownFileType = file.xib; path = FeedHeader.xib; sourceTree = "<group>"; };
		D3DCD87511A4C11900ECAC8E /* About_Biology.png */ = {isa = PBXFileReference; lastKnownFileType = image.png; path = About_Biology.png; sourceTree = "<group>"; };
		D3DCD87611A4C11900ECAC8E /* About_CompBio.png */ = {isa = PBXFileReference; lastKnownFileType = image.png; path = About_CompBio.png; sourceTree = "<group>"; };
		D3DCD87711A4C11900ECAC8E /* About_Genetics.png */ = {isa = PBXFileReference; lastKnownFileType = image.png; path = About_Genetics.png; sourceTree = "<group>"; };
		D3DCD87811A4C11900ECAC8E /* About_Medicine.png */ = {isa = PBXFileReference; lastKnownFileType = image.png; path = About_Medicine.png; sourceTree = "<group>"; };
		D3DCD87911A4C11900ECAC8E /* About_One.png */ = {isa = PBXFileReference; lastKnownFileType = image.png; path = About_One.png; sourceTree = "<group>"; };
		D3DCD87A11A4C11900ECAC8E /* About_Pathogens.png */ = {isa = PBXFileReference; lastKnownFileType = image.png; path = About_Pathogens.png; sourceTree = "<group>"; };
		D3DCDAF011A5FFA800ECAC8E /* PLoS_Header.png */ = {isa = PBXFileReference; lastKnownFileType = image.png; path = PLoS_Header.png; sourceTree = "<group>"; };
		D3DCDBBD11A71E0900ECAC8E /* SpecialHTTPRequest.h */ = {isa = PBXFileReference; fileEncoding = 4; lastKnownFileType = sourcecode.c.h; path = SpecialHTTPRequest.h; sourceTree = "<group>"; };
		D3DCDBBE11A71E0900ECAC8E /* SpecialHTTPRequest.m */ = {isa = PBXFileReference; fileEncoding = 4; lastKnownFileType = sourcecode.c.objc; path = SpecialHTTPRequest.m; sourceTree = "<group>"; };
		D3DCDD1111A87F5A00ECAC8E /* Entitlements.plist */ = {isa = PBXFileReference; fileEncoding = 4; lastKnownFileType = text.plist.xml; path = Entitlements.plist; sourceTree = "<group>"; };
		D3E11561119DD3D100AA148E /* AboutViewController.h */ = {isa = PBXFileReference; fileEncoding = 4; lastKnownFileType = sourcecode.c.h; path = AboutViewController.h; sourceTree = "<group>"; };
		D3E11562119DD3D100AA148E /* AboutViewController.m */ = {isa = PBXFileReference; fileEncoding = 4; lastKnownFileType = sourcecode.c.objc; path = AboutViewController.m; sourceTree = "<group>"; };
		D3E11563119DD3D100AA148E /* AboutViewController.xib */ = {isa = PBXFileReference; lastKnownFileType = file.xib; name = AboutViewController.xib; path = Classes/AboutViewController.xib; sourceTree = "<group>"; };
		D3E115C5119DE36200AA148E /* FeedActions.png */ = {isa = PBXFileReference; lastKnownFileType = image.png; path = FeedActions.png; sourceTree = "<group>"; };
		D3E11619119DFFC200AA148E /* About_NTD.png */ = {isa = PBXFileReference; lastKnownFileType = image.png; path = About_NTD.png; sourceTree = "<group>"; };
		D3E1161C119E032700AA148E /* About_PLoS.png */ = {isa = PBXFileReference; lastKnownFileType = image.png; path = About_PLoS.png; sourceTree = "<group>"; };
		D3FB38681180F3DB00AC0932 /* PaperCell.xib */ = {isa = PBXFileReference; lastKnownFileType = file.xib; path = PaperCell.xib; sourceTree = "<group>"; };
		D3FB386B1180F48C00AC0932 /* PaperCell.h */ = {isa = PBXFileReference; fileEncoding = 4; lastKnownFileType = sourcecode.c.h; path = PaperCell.h; sourceTree = "<group>"; };
		D3FB386C1180F48C00AC0932 /* PaperCell.m */ = {isa = PBXFileReference; fileEncoding = 4; lastKnownFileType = sourcecode.c.objc; path = PaperCell.m; sourceTree = "<group>"; };
		D3FB39BB11815B0900AC0932 /* CitationButton.png */ = {isa = PBXFileReference; lastKnownFileType = image.png; path = CitationButton.png; sourceTree = "<group>"; };
		D3FB39F2118161CF00AC0932 /* CitationButtonHighlighted.png */ = {isa = PBXFileReference; lastKnownFileType = image.png; path = CitationButtonHighlighted.png; sourceTree = "<group>"; };
		D3FB3B5C11861CD600AC0932 /* NSString+Extras.h */ = {isa = PBXFileReference; fileEncoding = 4; lastKnownFileType = sourcecode.c.h; path = "NSString+Extras.h"; sourceTree = "<group>"; };
		D3FB3B5D11861CD600AC0932 /* NSString+Extras.m */ = {isa = PBXFileReference; fileEncoding = 4; lastKnownFileType = sourcecode.c.objc; path = "NSString+Extras.m"; sourceTree = "<group>"; };
		D3FB3C1911862FAA00AC0932 /* MessageUI.framework */ = {isa = PBXFileReference; lastKnownFileType = wrapper.framework; name = MessageUI.framework; path = System/Library/Frameworks/MessageUI.framework; sourceTree = SDKROOT; };
		D3FB3E971189059100AC0932 /* JournalCell.h */ = {isa = PBXFileReference; fileEncoding = 4; lastKnownFileType = sourcecode.c.h; path = JournalCell.h; sourceTree = "<group>"; };
		D3FB3E981189059100AC0932 /* JournalCell.m */ = {isa = PBXFileReference; fileEncoding = 4; lastKnownFileType = sourcecode.c.objc; path = JournalCell.m; sourceTree = "<group>"; };
		D3FB3EF511890D5700AC0932 /* PLoS_Biology.png */ = {isa = PBXFileReference; lastKnownFileType = image.png; path = PLoS_Biology.png; sourceTree = "<group>"; };
		D3FB3EF611890D5700AC0932 /* PLoS_CompBio.png */ = {isa = PBXFileReference; lastKnownFileType = image.png; path = PLoS_CompBio.png; sourceTree = "<group>"; };
		D3FB3EF711890D5700AC0932 /* PLoS_Genetics.png */ = {isa = PBXFileReference; lastKnownFileType = image.png; path = PLoS_Genetics.png; sourceTree = "<group>"; };
		D3FB3EF811890D5700AC0932 /* PLoS_Medicine.png */ = {isa = PBXFileReference; lastKnownFileType = image.png; path = PLoS_Medicine.png; sourceTree = "<group>"; };
		D3FB3EF911890D5700AC0932 /* PLoS_NTD.png */ = {isa = PBXFileReference; lastKnownFileType = image.png; path = PLoS_NTD.png; sourceTree = "<group>"; };
		D3FB3EFA11890D5700AC0932 /* PLoS_One.png */ = {isa = PBXFileReference; lastKnownFileType = image.png; path = PLoS_One.png; sourceTree = "<group>"; };
		D3FB3EFB11890D5700AC0932 /* PLoS_Pathogens.png */ = {isa = PBXFileReference; lastKnownFileType = image.png; path = PLoS_Pathogens.png; sourceTree = "<group>"; };
		D3FB3F2211891A0100AC0932 /* Background.png */ = {isa = PBXFileReference; lastKnownFileType = image.png; path = Background.png; sourceTree = "<group>"; };
		D3FB3F391189342000AC0932 /* InnerShadow.png */ = {isa = PBXFileReference; lastKnownFileType = image.png; path = InnerShadow.png; sourceTree = "<group>"; };
		D3FB4033118A04CD00AC0932 /* PageScrollView.h */ = {isa = PBXFileReference; fileEncoding = 4; lastKnownFileType = sourcecode.c.h; path = PageScrollView.h; sourceTree = "<group>"; };
		D3FB4034118A04CD00AC0932 /* PageScrollView.m */ = {isa = PBXFileReference; fileEncoding = 4; lastKnownFileType = sourcecode.c.objc; path = PageScrollView.m; sourceTree = "<group>"; };
		D3FB4296118E4C8B00AC0932 /* Default-Landscape.png */ = {isa = PBXFileReference; lastKnownFileType = image.png; path = "Default-Landscape.png"; sourceTree = "<group>"; };
		D3FB4297118E4C8B00AC0932 /* Default-Portrait.png */ = {isa = PBXFileReference; lastKnownFileType = image.png; path = "Default-Portrait.png"; sourceTree = "<group>"; };
		D3FB43B4118E83DA00AC0932 /* Icon.png */ = {isa = PBXFileReference; lastKnownFileType = image.png; path = Icon.png; sourceTree = "<group>"; };
/* End PBXFileReference section */

/* Begin PBXFrameworksBuildPhase section */
		1D60588F0D05DD3D006BFB54 /* Frameworks */ = {
			isa = PBXFrameworksBuildPhase;
			buildActionMask = 2147483647;
			files = (
				1D60589F0D05DD5A006BFB54 /* Foundation.framework in Frameworks */,
				1DF5F4E00D08C38300B7A737 /* UIKit.framework in Frameworks */,
				2892E4100DC94CBA00A64D0F /* CoreGraphics.framework in Frameworks */,
				D33D529E117FB65B00BA7203 /* CFNetwork.framework in Frameworks */,
				D33D52A0117FB65B00BA7203 /* MobileCoreServices.framework in Frameworks */,
				D33D52A2117FB65B00BA7203 /* SystemConfiguration.framework in Frameworks */,
				D33D52A4117FB65B00BA7203 /* libz.1.2.3.dylib in Frameworks */,
				D33D5717117FF44C00BA7203 /* QuartzCore.framework in Frameworks */,
				D3FB3C1A11862FAA00AC0932 /* MessageUI.framework in Frameworks */,
			);
			runOnlyForDeploymentPostprocessing = 0;
		};
/* End PBXFrameworksBuildPhase section */

/* Begin PBXGroup section */
		080E96DDFE201D6D7F000001 /* Classes */ = {
			isa = PBXGroup;
			children = (
				D33D5266117FB56000BA7203 /* 3rd Party */,
				D33D5255117FB3A700BA7203 /* Data */,
				D33D3BB2119A0DFA0083A058 /* App Delegate */,
				D33D3BB3119A0E130083A058 /* Views */,
				D33D3BB4119A0E210083A058 /* View Controllers */,
				D33D3BB5119A0E3A0083A058 /* Extras */,
			);
			path = Classes;
			sourceTree = "<group>";
		};
		19C28FACFE9D520D11CA2CBB /* Products */ = {
			isa = PBXGroup;
			children = (
				1D6058910D05DD3D006BFB54 /* Reader.app */,
			);
			name = Products;
			sourceTree = "<group>";
		};
		29B97314FDCFA39411CA2CEA /* CustomTemplate */ = {
			isa = PBXGroup;
			children = (
				080E96DDFE201D6D7F000001 /* Classes */,
				29B97315FDCFA39411CA2CEA /* Other Sources */,
				29B97317FDCFA39411CA2CEA /* Resources */,
				29B97323FDCFA39411CA2CEA /* Frameworks */,
				19C28FACFE9D520D11CA2CBB /* Products */,
			);
			name = CustomTemplate;
			sourceTree = "<group>";
		};
		29B97315FDCFA39411CA2CEA /* Other Sources */ = {
			isa = PBXGroup;
			children = (
				D33D580B1180113B00BA7203 /* Utilities.h */,
				D33D580C1180113B00BA7203 /* Utilities.m */,
				28A0AAE50D9B0CCF005BE974 /* Reader_Prefix.pch */,
				29B97316FDCFA39411CA2CEA /* main.m */,
			);
			name = "Other Sources";
			sourceTree = "<group>";
		};
		29B97317FDCFA39411CA2CEA /* Resources */ = {
			isa = PBXGroup;
			children = (
				D3B659EF11ADDA5F00EF9BCA /* Unmagnify.png */,
				D3B6585F11AC866E00EF9BCA /* Magnify.png */,
				D3DCDAF011A5FFA800ECAC8E /* PLoS_Header.png */,
				D3E115C5119DE36200AA148E /* FeedActions.png */,
				D3AEC8B61194BFD6009BE344 /* Folder.png */,
				D3FB43B4118E83DA00AC0932 /* Icon.png */,
				D3FB4296118E4C8B00AC0932 /* Default-Landscape.png */,
				D3FB4297118E4C8B00AC0932 /* Default-Portrait.png */,
				D3FB3F391189342000AC0932 /* InnerShadow.png */,
				D3FB3F2211891A0100AC0932 /* Background.png */,
				D3FB3EF411890D4100AC0932 /* Journal Images */,
				D3FB39F2118161CF00AC0932 /* CitationButtonHighlighted.png */,
				D3FB39BB11815B0900AC0932 /* CitationButton.png */,
				D3B65A9711AE485A00EF9BCA /* ThumbnailCell.xib */,
				D3E11563119DD3D100AA148E /* AboutViewController.xib */,
				28AD735F0D9D9599002E5188 /* MainWindow.xib */,
				2804203B108E9BAB000629CD /* DetailView.xib */,
				D3B6581A11AC822E00EF9BCA /* MagnifierViewController.xib */,
				D3FB38681180F3DB00AC0932 /* PaperCell.xib */,
				8D1107310486CEB800E47090 /* Reader-Info.plist */,
				D3DCDD1111A87F5A00ECAC8E /* Entitlements.plist */,
				D3B6694D11B883E100EF9BCA /* FeedHeader.xib */,
			);
			name = Resources;
			sourceTree = "<group>";
		};
		29B97323FDCFA39411CA2CEA /* Frameworks */ = {
			isa = PBXGroup;
			children = (
				1DF5F4DF0D08C38300B7A737 /* UIKit.framework */,
				1D30AB110D05D00D00671497 /* Foundation.framework */,
				2892E40F0DC94CBA00A64D0F /* CoreGraphics.framework */,
				D33D529D117FB65B00BA7203 /* CFNetwork.framework */,
				D33D529F117FB65B00BA7203 /* MobileCoreServices.framework */,
				D33D52A1117FB65B00BA7203 /* SystemConfiguration.framework */,
				D33D52A3117FB65B00BA7203 /* libz.1.2.3.dylib */,
				D33D5716117FF44C00BA7203 /* QuartzCore.framework */,
				D3FB3C1911862FAA00AC0932 /* MessageUI.framework */,
			);
			name = Frameworks;
			sourceTree = "<group>";
		};
		D33D3BB2119A0DFA0083A058 /* App Delegate */ = {
			isa = PBXGroup;
			children = (
				1D3623240D0F684500981E51 /* ReaderAppDelegate.h */,
				1D3623250D0F684500981E51 /* ReaderAppDelegate.m */,
			);
			name = "App Delegate";
			sourceTree = "<group>";
		};
		D33D3BB3119A0E130083A058 /* Views */ = {
			isa = PBXGroup;
			children = (
				D3B65A7E11AE473000EF9BCA /* ThumbnailCell.h */,
				D3B65A7F11AE473000EF9BCA /* ThumbnailCell.m */,
				D3FB386B1180F48C00AC0932 /* PaperCell.h */,
				D3FB386C1180F48C00AC0932 /* PaperCell.m */,
				D3FB3E971189059100AC0932 /* JournalCell.h */,
				D3FB3E981189059100AC0932 /* JournalCell.m */,
				D3FB4033118A04CD00AC0932 /* PageScrollView.h */,
				D3FB4034118A04CD00AC0932 /* PageScrollView.m */,
			);
			name = Views;
			sourceTree = "<group>";
		};
		D33D3BB4119A0E210083A058 /* View Controllers */ = {
			isa = PBXGroup;
			children = (
				D33D3BC3119A0FAA0083A058 /* SubjectsViewController.h */,
				D33D3BC4119A0FAA0083A058 /* SubjectsViewController.m */,
				28042007108E984D000629CD /* FeedViewController.h */,
				28042008108E984D000629CD /* FeedViewController.m */,
				28042009108E984D000629CD /* PaperViewController.h */,
				2804200A108E984D000629CD /* PaperViewController.m */,
				D33D59A311802BC400BA7203 /* PubsViewController.h */,
				D33D59A411802BC400BA7203 /* PubsViewController.m */,
				D3AEC63D11937132009BE344 /* SavedViewController.h */,
				D3AEC63E11937132009BE344 /* SavedViewController.m */,
				D3E11561119DD3D100AA148E /* AboutViewController.h */,
				D3E11562119DD3D100AA148E /* AboutViewController.m */,
				D3B657FE11AC80E600EF9BCA /* MagnifierViewController.h */,
				D3B657FF11AC80E600EF9BCA /* MagnifierViewController.m */,
				D3B65A1311AE3E3500EF9BCA /* ThumbnailsViewController.h */,
				D3B65A1411AE3E3500EF9BCA /* ThumbnailsViewController.m */,
			);
			name = "View Controllers";
			sourceTree = "<group>";
		};
		D33D3BB5119A0E3A0083A058 /* Extras */ = {
			isa = PBXGroup;
			children = (
				D33D5502117FD44C00BA7203 /* TouchXML+Extras.h */,
				D33D5503117FD44C00BA7203 /* TouchXML+Extras.m */,
				D3FB3B5C11861CD600AC0932 /* NSString+Extras.h */,
				D3FB3B5D11861CD600AC0932 /* NSString+Extras.m */,
				D33D3C2E119A1F960083A058 /* UIColor+Extras.h */,
				D33D3C2F119A1F960083A058 /* UIColor+Extras.m */,
				D3DCDBBD11A71E0900ECAC8E /* SpecialHTTPRequest.h */,
				D3DCDBBE11A71E0900ECAC8E /* SpecialHTTPRequest.m */,
			);
			name = Extras;
			sourceTree = "<group>";
		};
		D33D5255117FB3A700BA7203 /* Data */ = {
			isa = PBXGroup;
			children = (
				D33D5509117FD4A400BA7203 /* XMLParsingException.h */,
				D33D550A117FD4A400BA7203 /* XMLParsingException.m */,
				D33D5252117FB3A200BA7203 /* Feed.h */,
				D33D5253117FB3A200BA7203 /* Feed.m */,
				D33D537E117FBD5D00BA7203 /* Paper.h */,
				D33D537F117FBD5D00BA7203 /* Paper.m */,
				D3AEC53B11934B8F009BE344 /* Paper+Saving.h */,
				D3AEC53C11934B8F009BE344 /* Paper+Saving.m */,
			);
			name = Data;
			sourceTree = "<group>";
		};
		D33D5266117FB56000BA7203 /* 3rd Party */ = {
			isa = PBXGroup;
			children = (
				D33D56F5117FF39200BA7203 /* Leaves */,
				D33D5473117FCCA700BA7203 /* TouchXML */,
				D33D5287117FB5B900BA7203 /* Reachability2.0 */,
				D33D5267117FB56700BA7203 /* ASIHTTPRequest */,
			);
			name = "3rd Party";
			sourceTree = "<group>";
		};
		D33D5267117FB56700BA7203 /* ASIHTTPRequest */ = {
			isa = PBXGroup;
			children = (
				D33D526B117FB57600BA7203 /* ASIAuthenticationDialog.h */,
				D33D526C117FB57600BA7203 /* ASIAuthenticationDialog.m */,
				D33D526D117FB57600BA7203 /* ASIFormDataRequest.h */,
				D33D526E117FB57600BA7203 /* ASIFormDataRequest.m */,
				D33D526F117FB57600BA7203 /* ASIHTTPRequest.h */,
				D33D5270117FB57600BA7203 /* ASIHTTPRequest.m */,
				D33D5271117FB57600BA7203 /* ASIHTTPRequestConfig.h */,
				D33D5272117FB57600BA7203 /* ASIHTTPRequestDelegate.h */,
				D33D5273117FB57600BA7203 /* ASIInputStream.h */,
				D33D5274117FB57600BA7203 /* ASIInputStream.m */,
				D33D5275117FB57600BA7203 /* ASINetworkQueue.h */,
				D33D5276117FB57600BA7203 /* ASINetworkQueue.m */,
				D33D5277117FB57600BA7203 /* ASINSStringAdditions.h */,
				D33D5278117FB57600BA7203 /* ASINSStringAdditions.m */,
				D33D5279117FB57600BA7203 /* ASIProgressDelegate.h */,
			);
			name = ASIHTTPRequest;
			sourceTree = "<group>";
		};
		D33D5287117FB5B900BA7203 /* Reachability2.0 */ = {
			isa = PBXGroup;
			children = (
				D33D5288117FB5B900BA7203 /* Reachability.h */,
				D33D5289117FB5B900BA7203 /* Reachability.m */,
			);
			path = Reachability2.0;
			sourceTree = "<group>";
		};
		D33D5473117FCCA700BA7203 /* TouchXML */ = {
			isa = PBXGroup;
			children = (
				D33D5474117FCCA700BA7203 /* Creation */,
				D33D5479117FCCA700BA7203 /* CXMLDocument.h */,
				D33D547A117FCCA700BA7203 /* CXMLDocument.m */,
				D33D547B117FCCA700BA7203 /* CXMLDocument_PrivateExtensions.h */,
				D33D547C117FCCA700BA7203 /* CXMLDocument_PrivateExtensions.m */,
				D33D547D117FCCA700BA7203 /* CXMLElement.h */,
				D33D547E117FCCA700BA7203 /* CXMLElement.m */,
				D33D547F117FCCA700BA7203 /* CXMLElement_CreationExtensions.h */,
				D33D5480117FCCA700BA7203 /* CXMLElement_CreationExtensions.m */,
				D33D5481117FCCA700BA7203 /* CXMLElement_ElementTreeExtensions.h */,
				D33D5482117FCCA700BA7203 /* CXMLElement_ElementTreeExtensions.m */,
				D33D5483117FCCA700BA7203 /* CXMLNode.h */,
				D33D5484117FCCA700BA7203 /* CXMLNode.m */,
				D33D5485117FCCA700BA7203 /* CXMLNode_PrivateExtensions.h */,
				D33D5486117FCCA700BA7203 /* CXMLNode_PrivateExtensions.m */,
				D33D5487117FCCA700BA7203 /* CXMLNode_XPathExtensions.h */,
				D33D5488117FCCA700BA7203 /* CXMLNode_XPathExtensions.m */,
				D33D5489117FCCA700BA7203 /* Tidy */,
				D33D548C117FCCA700BA7203 /* TouchXML.h */,
			);
			path = TouchXML;
			sourceTree = "<group>";
		};
		D33D5474117FCCA700BA7203 /* Creation */ = {
			isa = PBXGroup;
			children = (
				D33D5475117FCCA700BA7203 /* CXMLDocument_CreationExtensions.h */,
				D33D5476117FCCA700BA7203 /* CXMLDocument_CreationExtensions.m */,
				D33D5477117FCCA700BA7203 /* CXMLNode_CreationExtensions.h */,
				D33D5478117FCCA700BA7203 /* CXMLNode_CreationExtensions.m */,
			);
			path = Creation;
			sourceTree = "<group>";
		};
		D33D5489117FCCA700BA7203 /* Tidy */ = {
			isa = PBXGroup;
			children = (
				D33D548A117FCCA700BA7203 /* CTidy.h */,
				D33D548B117FCCA700BA7203 /* CTidy.m */,
			);
			path = Tidy;
			sourceTree = "<group>";
		};
		D33D56F5117FF39200BA7203 /* Leaves */ = {
			isa = PBXGroup;
			children = (
				D33D56F6117FF39200BA7203 /* LeavesView.h */,
				D33D56F7117FF39200BA7203 /* LeavesView.m */,
				D33D56F8117FF39200BA7203 /* LeavesViewController.h */,
				D33D56F9117FF39200BA7203 /* LeavesViewController.m */,
				D337E1F2119B4CDF003E5728 /* LeavesCache.h */,
				D337E1F3119B4CDF003E5728 /* LeavesCache.m */,
				D3B6637511B3510700EF9BCA /* LeavesTrivialCache.h */,
				D3B6637611B3510700EF9BCA /* LeavesTrivialCache.m */,
				D3B666DC11B72B3A00EF9BCA /* LeavesNullCache.h */,
				D3B666DD11B72B3A00EF9BCA /* LeavesNullCache.m */,
			);
			path = Leaves;
			sourceTree = "<group>";
		};
		D3FB3EF411890D4100AC0932 /* Journal Images */ = {
			isa = PBXGroup;
			children = (
				D3DCD87511A4C11900ECAC8E /* About_Biology.png */,
				D3DCD87611A4C11900ECAC8E /* About_CompBio.png */,
				D3DCD87711A4C11900ECAC8E /* About_Genetics.png */,
				D3DCD87811A4C11900ECAC8E /* About_Medicine.png */,
				D3DCD87911A4C11900ECAC8E /* About_One.png */,
				D3DCD87A11A4C11900ECAC8E /* About_Pathogens.png */,
				D3E1161C119E032700AA148E /* About_PLoS.png */,
				D3E11619119DFFC200AA148E /* About_NTD.png */,
				D3FB3EF511890D5700AC0932 /* PLoS_Biology.png */,
				D3FB3EF611890D5700AC0932 /* PLoS_CompBio.png */,
				D3FB3EF711890D5700AC0932 /* PLoS_Genetics.png */,
				D3FB3EF811890D5700AC0932 /* PLoS_Medicine.png */,
				D3FB3EF911890D5700AC0932 /* PLoS_NTD.png */,
				D3FB3EFA11890D5700AC0932 /* PLoS_One.png */,
				D3FB3EFB11890D5700AC0932 /* PLoS_Pathogens.png */,
			);
			name = "Journal Images";
			sourceTree = "<group>";
		};
/* End PBXGroup section */

/* Begin PBXNativeTarget section */
		1D6058900D05DD3D006BFB54 /* Reader */ = {
			isa = PBXNativeTarget;
			buildConfigurationList = 1D6058960D05DD3E006BFB54 /* Build configuration list for PBXNativeTarget "Reader" */;
			buildPhases = (
				1D60588D0D05DD3D006BFB54 /* Resources */,
				1D60588E0D05DD3D006BFB54 /* Sources */,
				1D60588F0D05DD3D006BFB54 /* Frameworks */,
			);
			buildRules = (
			);
			dependencies = (
			);
			name = Reader;
			productName = Reader;
			productReference = 1D6058910D05DD3D006BFB54 /* Reader.app */;
			productType = "com.apple.product-type.application";
		};
/* End PBXNativeTarget section */

/* Begin PBXProject section */
		29B97313FDCFA39411CA2CEA /* Project object */ = {
			isa = PBXProject;
			buildConfigurationList = C01FCF4E08A954540054247B /* Build configuration list for PBXProject "Reader" */;
			compatibilityVersion = "Xcode 3.2";
			hasScannedForEncodings = 1;
			knownRegions = (
				English,
				Japanese,
				French,
				German,
				en,
			);
			mainGroup = 29B97314FDCFA39411CA2CEA /* CustomTemplate */;
			projectDirPath = "";
			projectRoot = "";
			targets = (
				1D6058900D05DD3D006BFB54 /* Reader */,
			);
		};
/* End PBXProject section */

/* Begin PBXResourcesBuildPhase section */
		1D60588D0D05DD3D006BFB54 /* Resources */ = {
			isa = PBXResourcesBuildPhase;
			buildActionMask = 2147483647;
			files = (
				28AD73600D9D9599002E5188 /* MainWindow.xib in Resources */,
				2804203C108E9BAB000629CD /* DetailView.xib in Resources */,
				D3FB38691180F3DB00AC0932 /* PaperCell.xib in Resources */,
				D3FB39BC11815B0900AC0932 /* CitationButton.png in Resources */,
				D3FB39F3118161CF00AC0932 /* CitationButtonHighlighted.png in Resources */,
				D3FB3EFC11890D5700AC0932 /* PLoS_Biology.png in Resources */,
				D3FB3EFD11890D5700AC0932 /* PLoS_CompBio.png in Resources */,
				D3FB3EFE11890D5700AC0932 /* PLoS_Genetics.png in Resources */,
				D3FB3EFF11890D5700AC0932 /* PLoS_Medicine.png in Resources */,
				D3FB3F0011890D5700AC0932 /* PLoS_NTD.png in Resources */,
				D3FB3F0111890D5700AC0932 /* PLoS_One.png in Resources */,
				D3FB3F0211890D5700AC0932 /* PLoS_Pathogens.png in Resources */,
				D3FB3F2311891A0100AC0932 /* Background.png in Resources */,
				D3FB3F3A1189342000AC0932 /* InnerShadow.png in Resources */,
				D3FB4298118E4C8B00AC0932 /* Default-Landscape.png in Resources */,
				D3FB4299118E4C8B00AC0932 /* Default-Portrait.png in Resources */,
				D3FB43B5118E83DA00AC0932 /* Icon.png in Resources */,
				D3AEC8B71194BFD6009BE344 /* Folder.png in Resources */,
				D3E11565119DD3D100AA148E /* AboutViewController.xib in Resources */,
				D3E115C6119DE36200AA148E /* FeedActions.png in Resources */,
				D3E1161A119DFFC200AA148E /* About_NTD.png in Resources */,
				D3E1161D119E032700AA148E /* About_PLoS.png in Resources */,
				D3DCD87B11A4C11900ECAC8E /* About_Biology.png in Resources */,
				D3DCD87C11A4C11900ECAC8E /* About_CompBio.png in Resources */,
				D3DCD87D11A4C11900ECAC8E /* About_Genetics.png in Resources */,
				D3DCD87E11A4C11900ECAC8E /* About_Medicine.png in Resources */,
				D3DCD87F11A4C11900ECAC8E /* About_One.png in Resources */,
				D3DCD88011A4C11900ECAC8E /* About_Pathogens.png in Resources */,
				D3DCDAF111A5FFA800ECAC8E /* PLoS_Header.png in Resources */,
				D3DCDD1211A87F5A00ECAC8E /* Entitlements.plist in Resources */,
				D3B6581B11AC822E00EF9BCA /* MagnifierViewController.xib in Resources */,
				D3B6586011AC866E00EF9BCA /* Magnify.png in Resources */,
				D3B659F011ADDA5F00EF9BCA /* Unmagnify.png in Resources */,
				D3B65A9811AE485A00EF9BCA /* ThumbnailCell.xib in Resources */,
				D3B6694E11B883E100EF9BCA /* FeedHeader.xib in Resources */,
			);
			runOnlyForDeploymentPostprocessing = 0;
		};
/* End PBXResourcesBuildPhase section */

/* Begin PBXSourcesBuildPhase section */
		1D60588E0D05DD3D006BFB54 /* Sources */ = {
			isa = PBXSourcesBuildPhase;
			buildActionMask = 2147483647;
			files = (
				1D60589B0D05DD56006BFB54 /* main.m in Sources */,
				1D3623260D0F684500981E51 /* ReaderAppDelegate.m in Sources */,
				2804200B108E984D000629CD /* FeedViewController.m in Sources */,
				2804200C108E984D000629CD /* PaperViewController.m in Sources */,
				D33D5254117FB3A200BA7203 /* Feed.m in Sources */,
				D33D527A117FB57600BA7203 /* ASIAuthenticationDialog.m in Sources */,
				D33D527B117FB57600BA7203 /* ASIFormDataRequest.m in Sources */,
				D33D527C117FB57600BA7203 /* ASIHTTPRequest.m in Sources */,
				D33D527D117FB57600BA7203 /* ASIInputStream.m in Sources */,
				D33D527E117FB57600BA7203 /* ASINetworkQueue.m in Sources */,
				D33D527F117FB57600BA7203 /* ASINSStringAdditions.m in Sources */,
				D33D528A117FB5B900BA7203 /* Reachability.m in Sources */,
				D33D5380117FBD5D00BA7203 /* Paper.m in Sources */,
				D33D548D117FCCA700BA7203 /* CXMLDocument_CreationExtensions.m in Sources */,
				D33D548E117FCCA700BA7203 /* CXMLNode_CreationExtensions.m in Sources */,
				D33D548F117FCCA700BA7203 /* CXMLDocument.m in Sources */,
				D33D5490117FCCA700BA7203 /* CXMLDocument_PrivateExtensions.m in Sources */,
				D33D5491117FCCA700BA7203 /* CXMLElement.m in Sources */,
				D33D5492117FCCA700BA7203 /* CXMLElement_CreationExtensions.m in Sources */,
				D33D5493117FCCA700BA7203 /* CXMLElement_ElementTreeExtensions.m in Sources */,
				D33D5494117FCCA700BA7203 /* CXMLNode.m in Sources */,
				D33D5495117FCCA700BA7203 /* CXMLNode_PrivateExtensions.m in Sources */,
				D33D5496117FCCA700BA7203 /* CXMLNode_XPathExtensions.m in Sources */,
				D33D5497117FCCA700BA7203 /* CTidy.m in Sources */,
				D33D5504117FD44C00BA7203 /* TouchXML+Extras.m in Sources */,
				D33D550B117FD4A400BA7203 /* XMLParsingException.m in Sources */,
				D33D56FA117FF39200BA7203 /* LeavesView.m in Sources */,
				D33D56FB117FF39200BA7203 /* LeavesViewController.m in Sources */,
				D33D580D1180113B00BA7203 /* Utilities.m in Sources */,
				D33D59A511802BC400BA7203 /* PubsViewController.m in Sources */,
				D3FB386D1180F48C00AC0932 /* PaperCell.m in Sources */,
				D3FB3B5E11861CD600AC0932 /* NSString+Extras.m in Sources */,
				D3FB3E991189059100AC0932 /* JournalCell.m in Sources */,
				D3FB4035118A04CD00AC0932 /* PageScrollView.m in Sources */,
				D3AEC53D11934B8F009BE344 /* Paper+Saving.m in Sources */,
				D3AEC63F11937132009BE344 /* SavedViewController.m in Sources */,
				D33D3BC5119A0FAA0083A058 /* SubjectsViewController.m in Sources */,
				D33D3C30119A1F960083A058 /* UIColor+Extras.m in Sources */,
				D337E1F4119B4CDF003E5728 /* LeavesCache.m in Sources */,
				D3E11564119DD3D100AA148E /* AboutViewController.m in Sources */,
				D3DCDBBF11A71E0900ECAC8E /* SpecialHTTPRequest.m in Sources */,
				D3B6580011AC80E600EF9BCA /* MagnifierViewController.m in Sources */,
				D3B65A1511AE3E3500EF9BCA /* ThumbnailsViewController.m in Sources */,
				D3B65A8011AE473000EF9BCA /* ThumbnailCell.m in Sources */,
				D3B6637711B3510700EF9BCA /* LeavesTrivialCache.m in Sources */,
				D3B666DE11B72B3A00EF9BCA /* LeavesNullCache.m in Sources */,
			);
			runOnlyForDeploymentPostprocessing = 0;
		};
/* End PBXSourcesBuildPhase section */

/* Begin XCBuildConfiguration section */
		1D6058940D05DD3E006BFB54 /* Debug */ = {
			isa = XCBuildConfiguration;
			buildSettings = {
				ALWAYS_SEARCH_USER_PATHS = NO;
				COPY_PHASE_STRIP = NO;
				GCC_DYNAMIC_NO_PIC = NO;
				GCC_OPTIMIZATION_LEVEL = 0;
				GCC_PRECOMPILE_PREFIX_HEADER = YES;
				GCC_PREFIX_HEADER = Reader_Prefix.pch;
				INFOPLIST_FILE = "Reader-Info.plist";
				PRODUCT_NAME = Reader;
			};
			name = Debug;
		};
		1D6058950D05DD3E006BFB54 /* Release */ = {
			isa = XCBuildConfiguration;
			buildSettings = {
				ALWAYS_SEARCH_USER_PATHS = NO;
				COPY_PHASE_STRIP = YES;
				GCC_PRECOMPILE_PREFIX_HEADER = YES;
				GCC_PREFIX_HEADER = Reader_Prefix.pch;
				INFOPLIST_FILE = "Reader-Info.plist";
				PRODUCT_NAME = Reader;
				VALIDATE_PRODUCT = YES;
			};
			name = Release;
		};
		C01FCF4F08A954540054247B /* Debug */ = {
			isa = XCBuildConfiguration;
			buildSettings = {
				"ARCHS[sdk=iphoneos*]" = armv7;
				"ARCHS[sdk=iphonesimulator*]" = i386;
				"CODE_SIGN_IDENTITY[sdk=iphoneos*]" = "iPhone Developer";
				GCC_C_LANGUAGE_STANDARD = c99;
				GCC_WARN_ABOUT_RETURN_TYPE = YES;
				GCC_WARN_UNUSED_VARIABLE = YES;
				HEADER_SEARCH_PATHS = /usr/include/libxml2;
				OTHER_LDFLAGS = "-lxml2";
				PREBINDING = NO;
				SDKROOT = iphoneos3.2;
				TARGETED_DEVICE_FAMILY = 2;
			};
			name = Debug;
		};
		C01FCF5008A954540054247B /* Release */ = {
			isa = XCBuildConfiguration;
			buildSettings = {
				"ARCHS[sdk=iphoneos*]" = armv7;
				"ARCHS[sdk=iphonesimulator*]" = i386;
				"CODE_SIGN_IDENTITY[sdk=iphoneos*]" = "iPhone Developer";
				GCC_C_LANGUAGE_STANDARD = c99;
				GCC_WARN_ABOUT_RETURN_TYPE = YES;
				GCC_WARN_UNUSED_VARIABLE = YES;
				HEADER_SEARCH_PATHS = /usr/include/libxml2;
				OTHER_CFLAGS = "-DNS_BLOCK_ASSERTIONS=1";
				OTHER_LDFLAGS = "-lxml2";
				PREBINDING = NO;
				SDKROOT = iphoneos3.2;
				TARGETED_DEVICE_FAMILY = 2;
			};
			name = Release;
		};
		D3DCDD0F11A87EFA00ECAC8E /* Ad Hoc Distribution */ = {
			isa = XCBuildConfiguration;
			buildSettings = {
				"ARCHS[sdk=iphoneos*]" = armv7;
				"ARCHS[sdk=iphonesimulator*]" = i386;
				CODE_SIGN_ENTITLEMENTS = Entitlements.plist;
				"CODE_SIGN_IDENTITY[sdk=iphoneos*]" = "iPhone Distribution: Tom Brow";
				GCC_C_LANGUAGE_STANDARD = c99;
				GCC_WARN_ABOUT_RETURN_TYPE = YES;
				GCC_WARN_UNUSED_VARIABLE = YES;
				HEADER_SEARCH_PATHS = /usr/include/libxml2;
				OTHER_CFLAGS = "-DNS_BLOCK_ASSERTIONS=1";
				OTHER_LDFLAGS = "-lxml2";
				PREBINDING = NO;
				"PROVISIONING_PROFILE[sdk=iphoneos*]" = "CB953563-C297-473D-AB18-7254E9FFD60A";
				SDKROOT = iphoneos3.2;
				TARGETED_DEVICE_FAMILY = 2;
			};
			name = "Ad Hoc Distribution";
		};
		D3DCDD1011A87EFA00ECAC8E /* Ad Hoc Distribution */ = {
			isa = XCBuildConfiguration;
			buildSettings = {
				ALWAYS_SEARCH_USER_PATHS = NO;
				CODE_SIGN_ENTITLEMENTS = Entitlements.plist;
				"CODE_SIGN_IDENTITY[sdk=iphoneos*]" = "iPhone Distribution: Tom Brow";
				COPY_PHASE_STRIP = YES;
				GCC_PRECOMPILE_PREFIX_HEADER = YES;
				GCC_PREFIX_HEADER = Reader_Prefix.pch;
				INFOPLIST_FILE = "Reader-Info.plist";
				PRODUCT_NAME = Reader;
				"PROVISIONING_PROFILE[sdk=iphoneos*]" = "CB953563-C297-473D-AB18-7254E9FFD60A";
				VALIDATE_PRODUCT = YES;
			};
			name = "Ad Hoc Distribution";
		};
		D3FB43FB118E9CCC00AC0932 /* App Store Distribution */ = {
			isa = XCBuildConfiguration;
			buildSettings = {
				"ARCHS[sdk=iphoneos*]" = armv7;
				"ARCHS[sdk=iphonesimulator*]" = i386;
				CODE_SIGN_ENTITLEMENTS = "";
				"CODE_SIGN_IDENTITY[sdk=iphoneos*]" = "iPhone Distribution: Tom Brow";
				GCC_C_LANGUAGE_STANDARD = c99;
				GCC_WARN_ABOUT_RETURN_TYPE = YES;
				GCC_WARN_UNUSED_VARIABLE = YES;
				HEADER_SEARCH_PATHS = /usr/include/libxml2;
				OTHER_CFLAGS = "-DNS_BLOCK_ASSERTIONS=1";
				OTHER_LDFLAGS = "-lxml2";
				PREBINDING = NO;
				"PROVISIONING_PROFILE[sdk=iphoneos*]" = "14E17887-2161-444E-A3A7-7B5D8C2D9C5B";
				SDKROOT = iphoneos3.2;
				TARGETED_DEVICE_FAMILY = 2;
			};
			name = "App Store Distribution";
		};
		D3FB43FC118E9CCC00AC0932 /* App Store Distribution */ = {
			isa = XCBuildConfiguration;
			buildSettings = {
				ALWAYS_SEARCH_USER_PATHS = NO;
				CODE_SIGN_ENTITLEMENTS = "";
				COPY_PHASE_STRIP = YES;
				GCC_PRECOMPILE_PREFIX_HEADER = YES;
				GCC_PREFIX_HEADER = Reader_Prefix.pch;
				INFOPLIST_FILE = "Reader-Info.plist";
				PRODUCT_NAME = Reader;
				VALIDATE_PRODUCT = YES;
			};
			name = "App Store Distribution";
		};
/* End XCBuildConfiguration section */

/* Begin XCConfigurationList section */
		1D6058960D05DD3E006BFB54 /* Build configuration list for PBXNativeTarget "Reader" */ = {
			isa = XCConfigurationList;
			buildConfigurations = (
				1D6058940D05DD3E006BFB54 /* Debug */,
				1D6058950D05DD3E006BFB54 /* Release */,
				D3DCDD1011A87EFA00ECAC8E /* Ad Hoc Distribution */,
				D3FB43FC118E9CCC00AC0932 /* App Store Distribution */,
			);
			defaultConfigurationIsVisible = 0;
			defaultConfigurationName = Release;
		};
		C01FCF4E08A954540054247B /* Build configuration list for PBXProject "Reader" */ = {
			isa = XCConfigurationList;
			buildConfigurations = (
				C01FCF4F08A954540054247B /* Debug */,
				C01FCF5008A954540054247B /* Release */,
				D3DCDD0F11A87EFA00ECAC8E /* Ad Hoc Distribution */,
				D3FB43FB118E9CCC00AC0932 /* App Store Distribution */,
			);
			defaultConfigurationIsVisible = 0;
			defaultConfigurationName = Release;
		};
/* End XCConfigurationList section */
	};
	rootObject = 29B97313FDCFA39411CA2CEA /* Project object */;
}
